// !$*UTF8*$!
{
	archiveVersion = 1;
	classes = {
	};
	objectVersion = 50;
	objects = {

/* Begin PBXBuildFile section */
		D1E99A21215FC150008F2B84 /* AppDelegate.swift in Sources */ = {isa = PBXBuildFile; fileRef = D1E99A20215FC150008F2B84 /* AppDelegate.swift */; };
		D1E99A23215FC150008F2B84 /* ViewController.swift in Sources */ = {isa = PBXBuildFile; fileRef = D1E99A22215FC150008F2B84 /* ViewController.swift */; };
		D1E99A26215FC150008F2B84 /* Main.storyboard in Resources */ = {isa = PBXBuildFile; fileRef = D1E99A24215FC150008F2B84 /* Main.storyboard */; };
		D1E99A29215FC150008F2B84 /* Facebook_Animation.xcdatamodeld in Sources */ = {isa = PBXBuildFile; fileRef = D1E99A27215FC150008F2B84 /* Facebook_Animation.xcdatamodeld */; };
		D1E99A2B215FC152008F2B84 /* Assets.xcassets in Resources */ = {isa = PBXBuildFile; fileRef = D1E99A2A215FC152008F2B84 /* Assets.xcassets */; };
		D1E99A2E215FC152008F2B84 /* LaunchScreen.storyboard in Resources */ = {isa = PBXBuildFile; fileRef = D1E99A2C215FC152008F2B84 /* LaunchScreen.storyboard */; };
/* End PBXBuildFile section */

/* Begin PBXFileReference section */
		D1E99A1D215FC150008F2B84 /* Facebook_Animation.app */ = {isa = PBXFileReference; explicitFileType = wrapper.application; includeInIndex = 0; path = Facebook_Animation.app; sourceTree = BUILT_PRODUCTS_DIR; };
		D1E99A20215FC150008F2B84 /* AppDelegate.swift */ = {isa = PBXFileReference; lastKnownFileType = sourcecode.swift; path = AppDelegate.swift; sourceTree = "<group>"; };
		D1E99A22215FC150008F2B84 /* ViewController.swift */ = {isa = PBXFileReference; lastKnownFileType = sourcecode.swift; path = ViewController.swift; sourceTree = "<group>"; };
		D1E99A25215FC150008F2B84 /* Base */ = {isa = PBXFileReference; lastKnownFileType = file.storyboard; name = Base; path = Base.lproj/Main.storyboard; sourceTree = "<group>"; };
		D1E99A28215FC150008F2B84 /* Facebook_Animation.xcdatamodel */ = {isa = PBXFileReference; lastKnownFileType = wrapper.xcdatamodel; path = Facebook_Animation.xcdatamodel; sourceTree = "<group>"; };
		D1E99A2A215FC152008F2B84 /* Assets.xcassets */ = {isa = PBXFileReference; lastKnownFileType = folder.assetcatalog; path = Assets.xcassets; sourceTree = "<group>"; };
		D1E99A2D215FC152008F2B84 /* Base */ = {isa = PBXFileReference; lastKnownFileType = file.storyboard; name = Base; path = Base.lproj/LaunchScreen.storyboard; sourceTree = "<group>"; };
		D1E99A2F215FC152008F2B84 /* Info.plist */ = {isa = PBXFileReference; lastKnownFileType = text.plist.xml; path = Info.plist; sourceTree = "<group>"; };
/* End PBXFileReference section */

/* Begin PBXFrameworksBuildPhase section */
		D1E99A1A215FC150008F2B84 /* Frameworks */ = {
			isa = PBXFrameworksBuildPhase;
			buildActionMask = 2147483647;
			files = (
			);
			runOnlyForDeploymentPostprocessing = 0;
		};
/* End PBXFrameworksBuildPhase section */

/* Begin PBXGroup section */
		D1E99A14215FC150008F2B84 = {
			isa = PBXGroup;
			children = (
				D1E99A1F215FC150008F2B84 /* Facebook_Animation */,
				D1E99A1E215FC150008F2B84 /* Products */,
			);
			sourceTree = "<group>";
		};
		D1E99A1E215FC150008F2B84 /* Products */ = {
			isa = PBXGroup;
			children = (
				D1E99A1D215FC150008F2B84 /* Facebook_Animation.app */,
			);
			name = Products;
			sourceTree = "<group>";
		};
		D1E99A1F215FC150008F2B84 /* Facebook_Animation */ = {
			isa = PBXGroup;
			children = (
				D1E99A20215FC150008F2B84 /* AppDelegate.swift */,
				D1E99A22215FC150008F2B84 /* ViewController.swift */,
				D1E99A24215FC150008F2B84 /* Main.storyboard */,
				D1E99A2A215FC152008F2B84 /* Assets.xcassets */,
				D1E99A2C215FC152008F2B84 /* LaunchScreen.storyboard */,
				D1E99A2F215FC152008F2B84 /* Info.plist */,
				D1E99A27215FC150008F2B84 /* Facebook_Animation.xcdatamodeld */,
			);
			path = Facebook_Animation;
			sourceTree = "<group>";
		};
/* End PBXGroup section */

/* Begin PBXNativeTarget section */
		D1E99A1C215FC150008F2B84 /* Facebook_Animation */ = {
			isa = PBXNativeTarget;
			buildConfigurationList = D1E99A32215FC152008F2B84 /* Build configuration list for PBXNativeTarget "Facebook_Animation" */;
			buildPhases = (
				D1E99A19215FC150008F2B84 /* Sources */,
				D1E99A1A215FC150008F2B84 /* Frameworks */,
				D1E99A1B215FC150008F2B84 /* Resources */,
			);
			buildRules = (
			);
			dependencies = (
			);
			name = Facebook_Animation;
			productName = Facebook_Animation;
			productReference = D1E99A1D215FC150008F2B84 /* Facebook_Animation.app */;
			productType = "com.apple.product-type.application";
		};
/* End PBXNativeTarget section */

/* Begin PBXProject section */
		D1E99A15215FC150008F2B84 /* Project object */ = {
			isa = PBXProject;
			attributes = {
				LastSwiftUpdateCheck = 1000;
				LastUpgradeCheck = 1000;
				ORGANIZATIONNAME = "Bhagat Singh";
				TargetAttributes = {
					D1E99A1C215FC150008F2B84 = {
						CreatedOnToolsVersion = 10.0;
					};
				};
			};
			buildConfigurationList = D1E99A18215FC150008F2B84 /* Build configuration list for PBXProject "Facebook_Animation" */;
			compatibilityVersion = "Xcode 9.3";
			developmentRegion = en;
			hasScannedForEncodings = 0;
			knownRegions = (
				en,
				Base,
			);
			mainGroup = D1E99A14215FC150008F2B84;
			productRefGroup = D1E99A1E215FC150008F2B84 /* Products */;
			projectDirPath = "";
			projectRoot = "";
			targets = (
				D1E99A1C215FC150008F2B84 /* Facebook_Animation */,
			);
		};
/* End PBXProject section */

/* Begin PBXResourcesBuildPhase section */
		D1E99A1B215FC150008F2B84 /* Resources */ = {
			isa = PBXResourcesBuildPhase;
			buildActionMask = 2147483647;
			files = (
				D1E99A2E215FC152008F2B84 /* LaunchScreen.storyboard in Resources */,
				D1E99A2B215FC152008F2B84 /* Assets.xcassets in Resources */,
				D1E99A26215FC150008F2B84 /* Main.storyboard in Resources */,
			);
			runOnlyForDeploymentPostprocessing = 0;
		};
/* End PBXResourcesBuildPhase section */

/* Begin PBXSourcesBuildPhase section */
		D1E99A19215FC150008F2B84 /* Sources */ = {
			isa = PBXSourcesBuildPhase;
			buildActionMask = 2147483647;
			files = (
				D1E99A23215FC150008F2B84 /* ViewController.swift in Sources */,
				D1E99A21215FC150008F2B84 /* AppDelegate.swift in Sources */,
				D1E99A29215FC150008F2B84 /* Facebook_Animation.xcdatamodeld in Sources */,
			);
			runOnlyForDeploymentPostprocessing = 0;
		};
/* End PBXSourcesBuildPhase section */

/* Begin PBXVariantGroup section */
		D1E99A24215FC150008F2B84 /* Main.storyboard */ = {
			isa = PBXVariantGroup;
			children = (
				D1E99A25215FC150008F2B84 /* Base */,
			);
			name = Main.storyboard;
			sourceTree = "<group>";
		};
		D1E99A2C215FC152008F2B84 /* LaunchScreen.storyboard */ = {
			isa = PBXVariantGroup;
			children = (
				D1E99A2D215FC152008F2B84 /* Base */,
			);
			name = LaunchScreen.storyboard;
			sourceTree = "<group>";
		};
/* End PBXVariantGroup section */

/* Begin XCBuildConfiguration section */
		D1E99A30215FC152008F2B84 /* Debug */ = {
			isa = XCBuildConfiguration;
			buildSettings = {
				ALWAYS_SEARCH_USER_PATHS = NO;
				CLANG_ANALYZER_NONNULL = YES;
				CLANG_ANALYZER_NUMBER_OBJECT_CONVERSION = YES_AGGRESSIVE;
				CLANG_CXX_LANGUAGE_STANDARD = "gnu++14";
				CLANG_CXX_LIBRARY = "libc++";
				CLANG_ENABLE_MODULES = YES;
				CLANG_ENABLE_OBJC_ARC = YES;
				CLANG_ENABLE_OBJC_WEAK = YES;
				CLANG_WARN_BLOCK_CAPTURE_AUTORELEASING = YES;
				CLANG_WARN_BOOL_CONVERSION = YES;
				CLANG_WARN_COMMA = YES;
				CLANG_WARN_CONSTANT_CONVERSION = YES;
				CLANG_WARN_DEPRECATED_OBJC_IMPLEMENTATIONS = YES;
				CLANG_WARN_DIRECT_OBJC_ISA_USAGE = YES_ERROR;
				CLANG_WARN_DOCUMENTATION_COMMENTS = YES;
				CLANG_WARN_EMPTY_BODY = YES;
				CLANG_WARN_ENUM_CONVERSION = YES;
				CLANG_WARN_INFINITE_RECURSION = YES;
				CLANG_WARN_INT_CONVERSION = YES;
				CLANG_WARN_NON_LITERAL_NULL_CONVERSION = YES;
				CLANG_WARN_OBJC_IMPLICIT_RETAIN_SELF = YES;
				CLANG_WARN_OBJC_LITERAL_CONVERSION = YES;
				CLANG_WARN_OBJC_ROOT_CLASS = YES_ERROR;
				CLANG_WARN_RANGE_LOOP_ANALYSIS = YES;
				CLANG_WARN_STRICT_PROTOTYPES = YES;
				CLANG_WARN_SUSPICIOUS_MOVE = YES;
				CLANG_WARN_UNGUARDED_AVAILABILITY = YES_AGGRESSIVE;
				CLANG_WARN_UNREACHABLE_CODE = YES;
				CLANG_WARN__DUPLICATE_METHOD_MATCH = YES;
				CODE_SIGN_IDENTITY = "iPhone Developer";
				COPY_PHASE_STRIP = NO;
				DEBUG_INFORMATION_FORMAT = dwarf;
				ENABLE_STRICT_OBJC_MSGSEND = YES;
				ENABLE_TESTABILITY = YES;
				GCC_C_LANGUAGE_STANDARD = gnu11;
				GCC_DYNAMIC_NO_PIC = NO;
				GCC_NO_COMMON_BLOCKS = YES;
				GCC_OPTIMIZATION_LEVEL = 0;
				GCC_PREPROCESSOR_DEFINITIONS = (
					"DEBUG=1",
					"$(inherited)",
				);
				GCC_WARN_64_TO_32_BIT_CONVERSION = YES;
				GCC_WARN_ABOUT_RETURN_TYPE = YES_ERROR;
				GCC_WARN_UNDECLARED_SELECTOR = YES;
				GCC_WARN_UNINITIALIZED_AUTOS = YES_AGGRESSIVE;
				GCC_WARN_UNUSED_FUNCTION = YES;
				GCC_WARN_UNUSED_VARIABLE = YES;
				IPHONEOS_DEPLOYMENT_TARGET = 12.0;
				MTL_ENABLE_DEBUG_INFO = INCLUDE_SOURCE;
				MTL_FAST_MATH = YES;
				ONLY_ACTIVE_ARCH = YES;
				SDKROOT = iphoneos;
				SWIFT_ACTIVE_COMPILATION_CONDITIONS = DEBUG;
				SWIFT_OPTIMIZATION_LEVEL = "-Onone";
			};
			name = Debug;
		};
		D1E99A31215FC152008F2B84 /* Release */ = {
			isa = XCBuildConfiguration;
			buildSettings = {
				ALWAYS_SEARCH_USER_PATHS = NO;
				CLANG_ANALYZER_NONNULL = YES;
				CLANG_ANALYZER_NUMBER_OBJECT_CONVERSION = YES_AGGRESSIVE;
				CLANG_CXX_LANGUAGE_STANDARD = "gnu++14";
				CLANG_CXX_LIBRARY = "libc++";
				CLANG_ENABLE_MODULES = YES;
				CLANG_ENABLE_OBJC_ARC = YES;
				CLANG_ENABLE_OBJC_WEAK = YES;
				CLANG_WARN_BLOCK_CAPTURE_AUTORELEASING = YES;
				CLANG_WARN_BOOL_CONVERSION = YES;
				CLANG_WARN_COMMA = YES;
				CLANG_WARN_CONSTANT_CONVERSION = YES;
				CLANG_WARN_DEPRECATED_OBJC_IMPLEMENTATIONS = YES;
				CLANG_WARN_DIRECT_OBJC_ISA_USAGE = YES_ERROR;
				CLANG_WARN_DOCUMENTATION_COMMENTS = YES;
				CLANG_WARN_EMPTY_BODY = YES;
				CLANG_WARN_ENUM_CONVERSION = YES;
				CLANG_WARN_INFINITE_RECURSION = YES;
				CLANG_WARN_INT_CONVERSION = YES;
				CLANG_WARN_NON_LITERAL_NULL_CONVERSION = YES;
				CLANG_WARN_OBJC_IMPLICIT_RETAIN_SELF = YES;
				CLANG_WARN_OBJC_LITERAL_CONVERSION = YES;
				CLANG_WARN_OBJC_ROOT_CLASS = YES_ERROR;
				CLANG_WARN_RANGE_LOOP_ANALYSIS = YES;
				CLANG_WARN_STRICT_PROTOTYPES = YES;
				CLANG_WARN_SUSPICIOUS_MOVE = YES;
				CLANG_WARN_UNGUARDED_AVAILABILITY = YES_AGGRESSIVE;
				CLANG_WARN_UNREACHABLE_CODE = YES;
				CLANG_WARN__DUPLICATE_METHOD_MATCH = YES;
				CODE_SIGN_IDENTITY = "iPhone Developer";
				COPY_PHASE_STRIP = NO;
				DEBUG_INFORMATION_FORMAT = "dwarf-with-dsym";
				ENABLE_NS_ASSERTIONS = NO;
				ENABLE_STRICT_OBJC_MSGSEND = YES;
				GCC_C_LANGUAGE_STANDARD = gnu11;
				GCC_NO_COMMON_BLOCKS = YES;
				GCC_WARN_64_TO_32_BIT_CONVERSION = YES;
				GCC_WARN_ABOUT_RETURN_TYPE = YES_ERROR;
				GCC_WARN_UNDECLARED_SELECTOR = YES;
				GCC_WARN_UNINITIALIZED_AUTOS = YES_AGGRESSIVE;
				GCC_WARN_UNUSED_FUNCTION = YES;
				GCC_WARN_UNUSED_VARIABLE = YES;
				IPHONEOS_DEPLOYMENT_TARGET = 12.0;
				MTL_ENABLE_DEBUG_INFO = NO;
				MTL_FAST_MATH = YES;
				SDKROOT = iphoneos;
				SWIFT_COMPILATION_MODE = wholemodule;
				SWIFT_OPTIMIZATION_LEVEL = "-O";
				VALIDATE_PRODUCT = YES;
			};
			name = Release;
		};
		D1E99A33215FC152008F2B84 /* Debug */ = {
			isa = XCBuildConfiguration;
			buildSettings = {
				ASSETCATALOG_COMPILER_APPICON_NAME = AppIcon;
				CODE_SIGN_STYLE = Automatic;
				DEVELOPMENT_TEAM = VG36S3M9UZ;
				INFOPLIST_FILE = Facebook_Animation/Info.plist;
				IPHONEOS_DEPLOYMENT_TARGET = 11.4;
				LD_RUNPATH_SEARCH_PATHS = (
					"$(inherited)",
					"@executable_path/Frameworks",
				);
				PRODUCT_BUNDLE_IDENTIFIER = "com.bhagatsingh.Facebook-Animation";
				PRODUCT_NAME = "$(TARGET_NAME)";
				SWIFT_VERSION = 4.2;
				TARGETED_DEVICE_FAMILY = "1,2";
			};
			name = Debug;
		};
		D1E99A34215FC152008F2B84 /* Release */ = {
			isa = XCBuildConfiguration;
			buildSettings = {
				ASSETCATALOG_COMPILER_APPICON_NAME = AppIcon;
				CODE_SIGN_STYLE = Automatic;
				DEVELOPMENT_TEAM = VG36S3M9UZ;
				INFOPLIST_FILE = Facebook_Animation/Info.plist;
				IPHONEOS_DEPLOYMENT_TARGET = 11.4;
				LD_RUNPATH_SEARCH_PATHS = (
					"$(inherited)",
					"@executable_path/Frameworks",
				);
				PRODUCT_BUNDLE_IDENTIFIER = "com.bhagatsingh.Facebook-Animation";
				PRODUCT_NAME = "$(TARGET_NAME)";
				SWIFT_VERSION = 4.2;
				TARGETED_DEVICE_FAMILY = "1,2";
			};
			name = Release;
		};
/* End XCBuildConfiguration section */

/* Begin XCConfigurationList section */
		D1E99A18215FC150008F2B84 /* Build configuration list for PBXProject "Facebook_Animation" */ = {
			isa = XCConfigurationList;
			buildConfigurations = (
				D1E99A30215FC152008F2B84 /* Debug */,
				D1E99A31215FC152008F2B84 /* Release */,
			);
			defaultConfigurationIsVisible = 0;
			defaultConfigurationName = Release;
		};
		D1E99A32215FC152008F2B84 /* Build configuration list for PBXNativeTarget "Facebook_Animation" */ = {
			isa = XCConfigurationList;
			buildConfigurations = (
				D1E99A33215FC152008F2B84 /* Debug */,
				D1E99A34215FC152008F2B84 /* Release */,
			);
			defaultConfigurationIsVisible = 0;
			defaultConfigurationName = Release;
		};
/* End XCConfigurationList section */

/* Begin XCVersionGroup section */
		D1E99A27215FC150008F2B84 /* Facebook_Animation.xcdatamodeld */ = {
			isa = XCVersionGroup;
			children = (
				D1E99A28215FC150008F2B84 /* Facebook_Animation.xcdatamodel */,
			);
			currentVersion = D1E99A28215FC150008F2B84 /* Facebook_Animation.xcdatamodel */;
			path = Facebook_Animation.xcdatamodeld;
			sourceTree = "<group>";
			versionGroupType = wrapper.xcdatamodel;
		};
/* End XCVersionGroup section */
	};
	rootObject = D1E99A15215FC150008F2B84 /* Project object */;
}
